// !$*UTF8*$!
{
	archiveVersion = 1;
	classes = {
	};
	objectVersion = 50;
	objects = {

/* Begin PBXBuildFile section */
		51D4655C225F4A6A00E96424 /* Array+Ext.swift in Sources */ = {isa = PBXBuildFile; fileRef = 51D4655B225F4A6A00E96424 /* Array+Ext.swift */; };
		51E59BD422545B1500AF145C /* NSObject+Ext.swift in Sources */ = {isa = PBXBuildFile; fileRef = 51E59BD322545B1500AF145C /* NSObject+Ext.swift */; };
		F0056F8E2211286800838891 /* AppDelegate.swift in Sources */ = {isa = PBXBuildFile; fileRef = F0056F8D2211286800838891 /* AppDelegate.swift */; };
		F0056F902211286800838891 /* ViewController.swift in Sources */ = {isa = PBXBuildFile; fileRef = F0056F8F2211286800838891 /* ViewController.swift */; };
		F0056F952211286900838891 /* Assets.xcassets in Resources */ = {isa = PBXBuildFile; fileRef = F0056F942211286900838891 /* Assets.xcassets */; };
		F0056FA322112A4800838891 /* ZCategoryTool.podspec in Resources */ = {isa = PBXBuildFile; fileRef = F0056FA222112A4800838891 /* ZCategoryTool.podspec */; };
		F0056FC3221145A400838891 /* AVPlayer+Ext.swift in Sources */ = {isa = PBXBuildFile; fileRef = F0056FC2221145A400838891 /* AVPlayer+Ext.swift */; };
		F0056FC5221145BC00838891 /* Date+Ext.swift in Sources */ = {isa = PBXBuildFile; fileRef = F0056FC4221145BC00838891 /* Date+Ext.swift */; };
		F0056FC7221145C400838891 /* DispatchQueue+Ext.swift in Sources */ = {isa = PBXBuildFile; fileRef = F0056FC6221145C400838891 /* DispatchQueue+Ext.swift */; };
		F0056FC92211463400838891 /* Number+Ext.swift in Sources */ = {isa = PBXBuildFile; fileRef = F0056FC82211463400838891 /* Number+Ext.swift */; };
		F0056FCB2211464C00838891 /* Timer+Ext.swift in Sources */ = {isa = PBXBuildFile; fileRef = F0056FCA2211464C00838891 /* Timer+Ext.swift */; };
		F0056FCD2211467800838891 /* UIButton+Ext.swift in Sources */ = {isa = PBXBuildFile; fileRef = F0056FCC2211467800838891 /* UIButton+Ext.swift */; };
		F0056FCF2211470D00838891 /* UIColor+Ext.swift in Sources */ = {isa = PBXBuildFile; fileRef = F0056FCE2211470D00838891 /* UIColor+Ext.swift */; };
		F0056FD12211471200838891 /* UIImage+Ext.swift in Sources */ = {isa = PBXBuildFile; fileRef = F0056FD02211471200838891 /* UIImage+Ext.swift */; };
		F0056FD52211471D00838891 /* UIView+Ext.swift in Sources */ = {isa = PBXBuildFile; fileRef = F0056FD42211471D00838891 /* UIView+Ext.swift */; };
		F0056FD72211472A00838891 /* UITextField+Ext.swift in Sources */ = {isa = PBXBuildFile; fileRef = F0056FD62211472900838891 /* UITextField+Ext.swift */; };
		F0056FD92211481000838891 /* String+Ext.swift in Sources */ = {isa = PBXBuildFile; fileRef = F0056FD82211481000838891 /* String+Ext.swift */; };
		F0056FDB2211488500838891 /* UIViewController+Ext.swift in Sources */ = {isa = PBXBuildFile; fileRef = F0056FDA2211488500838891 /* UIViewController+Ext.swift */; };
		F0056FDD221152E700838891 /* UITableView+Ext.swift in Sources */ = {isa = PBXBuildFile; fileRef = F0056FDC221152E700838891 /* UITableView+Ext.swift */; };
		F0056FDF2211530B00838891 /* UIIImageView+Ext.swift in Sources */ = {isa = PBXBuildFile; fileRef = F0056FDE2211530B00838891 /* UIIImageView+Ext.swift */; };
		F012BDE9221506AC00E261E4 /* UIScrollView+Ext.swift in Sources */ = {isa = PBXBuildFile; fileRef = F012BDE8221506AC00E261E4 /* UIScrollView+Ext.swift */; };
		F012BDEB2215072100E261E4 /* DataMacro.swift in Sources */ = {isa = PBXBuildFile; fileRef = F012BDEA2215072100E261E4 /* DataMacro.swift */; };
		F0DDD474221D51A500978D6D /* UILabel+Ext.swift in Sources */ = {isa = PBXBuildFile; fileRef = F0DDD473221D51A500978D6D /* UILabel+Ext.swift */; };
		F0E81F0F222536F100FD04E4 /* UITextView+Ext.swift in Sources */ = {isa = PBXBuildFile; fileRef = F0E81F0E222536F100FD04E4 /* UITextView+Ext.swift */; };
/* End PBXBuildFile section */

/* Begin PBXFileReference section */
		51D4655B225F4A6A00E96424 /* Array+Ext.swift */ = {isa = PBXFileReference; lastKnownFileType = sourcecode.swift; path = "Array+Ext.swift"; sourceTree = "<group>"; };
		51E59BD322545B1500AF145C /* NSObject+Ext.swift */ = {isa = PBXFileReference; lastKnownFileType = sourcecode.swift; path = "NSObject+Ext.swift"; sourceTree = "<group>"; };
		F0056F8A2211286800838891 /* ZCategoryToolDemo.app */ = {isa = PBXFileReference; explicitFileType = wrapper.application; includeInIndex = 0; path = ZCategoryToolDemo.app; sourceTree = BUILT_PRODUCTS_DIR; };
		F0056F8D2211286800838891 /* AppDelegate.swift */ = {isa = PBXFileReference; lastKnownFileType = sourcecode.swift; path = AppDelegate.swift; sourceTree = "<group>"; };
		F0056F8F2211286800838891 /* ViewController.swift */ = {isa = PBXFileReference; lastKnownFileType = sourcecode.swift; path = ViewController.swift; sourceTree = "<group>"; };
		F0056F942211286900838891 /* Assets.xcassets */ = {isa = PBXFileReference; lastKnownFileType = folder.assetcatalog; path = Assets.xcassets; sourceTree = "<group>"; };
		F0056F992211286900838891 /* Info.plist */ = {isa = PBXFileReference; lastKnownFileType = text.plist.xml; path = Info.plist; sourceTree = "<group>"; };
		F0056FA222112A4800838891 /* ZCategoryTool.podspec */ = {isa = PBXFileReference; fileEncoding = 4; lastKnownFileType = text; path = ZCategoryTool.podspec; sourceTree = "<group>"; };
		F0056FC2221145A400838891 /* AVPlayer+Ext.swift */ = {isa = PBXFileReference; fileEncoding = 4; lastKnownFileType = sourcecode.swift; path = "AVPlayer+Ext.swift"; sourceTree = "<group>"; };
		F0056FC4221145BC00838891 /* Date+Ext.swift */ = {isa = PBXFileReference; fileEncoding = 4; lastKnownFileType = sourcecode.swift; path = "Date+Ext.swift"; sourceTree = "<group>"; };
		F0056FC6221145C400838891 /* DispatchQueue+Ext.swift */ = {isa = PBXFileReference; fileEncoding = 4; lastKnownFileType = sourcecode.swift; path = "DispatchQueue+Ext.swift"; sourceTree = "<group>"; };
		F0056FC82211463400838891 /* Number+Ext.swift */ = {isa = PBXFileReference; fileEncoding = 4; lastKnownFileType = sourcecode.swift; path = "Number+Ext.swift"; sourceTree = "<group>"; };
		F0056FCA2211464C00838891 /* Timer+Ext.swift */ = {isa = PBXFileReference; fileEncoding = 4; lastKnownFileType = sourcecode.swift; path = "Timer+Ext.swift"; sourceTree = "<group>"; };
		F0056FCC2211467800838891 /* UIButton+Ext.swift */ = {isa = PBXFileReference; fileEncoding = 4; lastKnownFileType = sourcecode.swift; path = "UIButton+Ext.swift"; sourceTree = "<group>"; };
		F0056FCE2211470D00838891 /* UIColor+Ext.swift */ = {isa = PBXFileReference; fileEncoding = 4; lastKnownFileType = sourcecode.swift; path = "UIColor+Ext.swift"; sourceTree = "<group>"; };
		F0056FD02211471200838891 /* UIImage+Ext.swift */ = {isa = PBXFileReference; fileEncoding = 4; lastKnownFileType = sourcecode.swift; path = "UIImage+Ext.swift"; sourceTree = "<group>"; };
		F0056FD42211471D00838891 /* UIView+Ext.swift */ = {isa = PBXFileReference; fileEncoding = 4; lastKnownFileType = sourcecode.swift; path = "UIView+Ext.swift"; sourceTree = "<group>"; };
		F0056FD62211472900838891 /* UITextField+Ext.swift */ = {isa = PBXFileReference; fileEncoding = 4; lastKnownFileType = sourcecode.swift; path = "UITextField+Ext.swift"; sourceTree = "<group>"; };
		F0056FD82211481000838891 /* String+Ext.swift */ = {isa = PBXFileReference; fileEncoding = 4; lastKnownFileType = sourcecode.swift; path = "String+Ext.swift"; sourceTree = "<group>"; };
		F0056FDA2211488500838891 /* UIViewController+Ext.swift */ = {isa = PBXFileReference; fileEncoding = 4; lastKnownFileType = sourcecode.swift; path = "UIViewController+Ext.swift"; sourceTree = "<group>"; };
		F0056FDC221152E700838891 /* UITableView+Ext.swift */ = {isa = PBXFileReference; fileEncoding = 4; lastKnownFileType = sourcecode.swift; path = "UITableView+Ext.swift"; sourceTree = "<group>"; };
		F0056FDE2211530B00838891 /* UIIImageView+Ext.swift */ = {isa = PBXFileReference; fileEncoding = 4; lastKnownFileType = sourcecode.swift; path = "UIIImageView+Ext.swift"; sourceTree = "<group>"; };
		F012BDE8221506AC00E261E4 /* UIScrollView+Ext.swift */ = {isa = PBXFileReference; lastKnownFileType = sourcecode.swift; path = "UIScrollView+Ext.swift"; sourceTree = "<group>"; };
		F012BDEA2215072100E261E4 /* DataMacro.swift */ = {isa = PBXFileReference; fileEncoding = 4; lastKnownFileType = sourcecode.swift; path = DataMacro.swift; sourceTree = "<group>"; };
		F032371122293D75000EB6B2 /* ZCategoryToolDemo-Bridging-Header.h */ = {isa = PBXFileReference; lastKnownFileType = sourcecode.c.h; path = "ZCategoryToolDemo-Bridging-Header.h"; sourceTree = "<group>"; };
		F0DDD473221D51A500978D6D /* UILabel+Ext.swift */ = {isa = PBXFileReference; lastKnownFileType = sourcecode.swift; path = "UILabel+Ext.swift"; sourceTree = "<group>"; };
		F0E81F0E222536F100FD04E4 /* UITextView+Ext.swift */ = {isa = PBXFileReference; lastKnownFileType = sourcecode.swift; path = "UITextView+Ext.swift"; sourceTree = "<group>"; };
/* End PBXFileReference section */

/* Begin PBXFrameworksBuildPhase section */
		F0056F872211286800838891 /* Frameworks */ = {
			isa = PBXFrameworksBuildPhase;
			buildActionMask = 2147483647;
			files = (
			);
			runOnlyForDeploymentPostprocessing = 0;
		};
/* End PBXFrameworksBuildPhase section */

/* Begin PBXGroup section */
		F0056F812211286800838891 = {
			isa = PBXGroup;
			children = (
				F0056FA222112A4800838891 /* ZCategoryTool.podspec */,
				F0056F9F2211293C00838891 /* ZCategoryTool */,
				F0056F8C2211286800838891 /* ZCategoryToolDemo */,
				F0056F8B2211286800838891 /* Products */,
			);
			sourceTree = "<group>";
		};
		F0056F8B2211286800838891 /* Products */ = {
			isa = PBXGroup;
			children = (
				F0056F8A2211286800838891 /* ZCategoryToolDemo.app */,
			);
			name = Products;
			sourceTree = "<group>";
		};
		F0056F8C2211286800838891 /* ZCategoryToolDemo */ = {
			isa = PBXGroup;
			children = (
				F0056F8D2211286800838891 /* AppDelegate.swift */,
				F0056F8F2211286800838891 /* ViewController.swift */,
				F0056F942211286900838891 /* Assets.xcassets */,
				F0056F992211286900838891 /* Info.plist */,
			);
			path = ZCategoryToolDemo;
			sourceTree = "<group>";
		};
		F0056F9F2211293C00838891 /* ZCategoryTool */ = {
			isa = PBXGroup;
			children = (
				51D4655B225F4A6A00E96424 /* Array+Ext.swift */,
				F0056FC2221145A400838891 /* AVPlayer+Ext.swift */,
				F012BDEA2215072100E261E4 /* DataMacro.swift */,
				F0056FC4221145BC00838891 /* Date+Ext.swift */,
				F0056FC6221145C400838891 /* DispatchQueue+Ext.swift */,
				51E59BD322545B1500AF145C /* NSObject+Ext.swift */,
				F0056FC82211463400838891 /* Number+Ext.swift */,
				F0056FD82211481000838891 /* String+Ext.swift */,
				F0056FCA2211464C00838891 /* Timer+Ext.swift */,
				F0056FCC2211467800838891 /* UIButton+Ext.swift */,
				F0056FCE2211470D00838891 /* UIColor+Ext.swift */,
				F0056FDE2211530B00838891 /* UIIImageView+Ext.swift */,
				F0056FD02211471200838891 /* UIImage+Ext.swift */,
				F0DDD473221D51A500978D6D /* UILabel+Ext.swift */,
				F012BDE8221506AC00E261E4 /* UIScrollView+Ext.swift */,
				F0056FDC221152E700838891 /* UITableView+Ext.swift */,
				F0056FD62211472900838891 /* UITextField+Ext.swift */,
				F0E81F0E222536F100FD04E4 /* UITextView+Ext.swift */,
				F0056FD42211471D00838891 /* UIView+Ext.swift */,
				F0056FDA2211488500838891 /* UIViewController+Ext.swift */,
				F032371122293D75000EB6B2 /* ZCategoryToolDemo-Bridging-Header.h */,
			);
			path = ZCategoryTool;
			sourceTree = "<group>";
		};
/* End PBXGroup section */

/* Begin PBXNativeTarget section */
		F0056F892211286800838891 /* ZCategoryToolDemo */ = {
			isa = PBXNativeTarget;
			buildConfigurationList = F0056F9C2211286900838891 /* Build configuration list for PBXNativeTarget "ZCategoryToolDemo" */;
			buildPhases = (
				F0056F862211286800838891 /* Sources */,
				F0056F872211286800838891 /* Frameworks */,
				F0056F882211286800838891 /* Resources */,
			);
			buildRules = (
			);
			dependencies = (
			);
			name = ZCategoryToolDemo;
			productName = ZCategoryToolDemo;
			productReference = F0056F8A2211286800838891 /* ZCategoryToolDemo.app */;
			productType = "com.apple.product-type.application";
		};
/* End PBXNativeTarget section */

/* Begin PBXProject section */
		F0056F822211286800838891 /* Project object */ = {
			isa = PBXProject;
			attributes = {
				LastSwiftUpdateCheck = 1010;
				LastUpgradeCheck = 1010;
				ORGANIZATIONNAME = zcc;
				TargetAttributes = {
					F0056F892211286800838891 = {
						CreatedOnToolsVersion = 10.1;
						LastSwiftMigration = 1020;
					};
				};
			};
			buildConfigurationList = F0056F852211286800838891 /* Build configuration list for PBXProject "ZCategoryToolDemo" */;
			compatibilityVersion = "Xcode 9.3";
			developmentRegion = en;
			hasScannedForEncodings = 0;
			knownRegions = (
				en,
				Base,
			);
			mainGroup = F0056F812211286800838891;
			productRefGroup = F0056F8B2211286800838891 /* Products */;
			projectDirPath = "";
			projectRoot = "";
			targets = (
				F0056F892211286800838891 /* ZCategoryToolDemo */,
			);
		};
/* End PBXProject section */

/* Begin PBXResourcesBuildPhase section */
		F0056F882211286800838891 /* Resources */ = {
			isa = PBXResourcesBuildPhase;
			buildActionMask = 2147483647;
			files = (
				F0056F952211286900838891 /* Assets.xcassets in Resources */,
				F0056FA322112A4800838891 /* ZCategoryTool.podspec in Resources */,
			);
			runOnlyForDeploymentPostprocessing = 0;
		};
/* End PBXResourcesBuildPhase section */

/* Begin PBXSourcesBuildPhase section */
		F0056F862211286800838891 /* Sources */ = {
			isa = PBXSourcesBuildPhase;
			buildActionMask = 2147483647;
			files = (
				F0056FC7221145C400838891 /* DispatchQueue+Ext.swift in Sources */,
				F0056F902211286800838891 /* ViewController.swift in Sources */,
				F0056FDF2211530B00838891 /* UIIImageView+Ext.swift in Sources */,
				F0DDD474221D51A500978D6D /* UILabel+Ext.swift in Sources */,
				F0056FDB2211488500838891 /* UIViewController+Ext.swift in Sources */,
				F0056FC3221145A400838891 /* AVPlayer+Ext.swift in Sources */,
				F0056FD92211481000838891 /* String+Ext.swift in Sources */,
				F0056FCD2211467800838891 /* UIButton+Ext.swift in Sources */,
				F012BDE9221506AC00E261E4 /* UIScrollView+Ext.swift in Sources */,
				F0E81F0F222536F100FD04E4 /* UITextView+Ext.swift in Sources */,
				F012BDEB2215072100E261E4 /* DataMacro.swift in Sources */,
				51E59BD422545B1500AF145C /* NSObject+Ext.swift in Sources */,
				F0056F8E2211286800838891 /* AppDelegate.swift in Sources */,
				F0056FD72211472A00838891 /* UITextField+Ext.swift in Sources */,
				F0056FD12211471200838891 /* UIImage+Ext.swift in Sources */,
				F0056FC92211463400838891 /* Number+Ext.swift in Sources */,
				F0056FD52211471D00838891 /* UIView+Ext.swift in Sources */,
				51D4655C225F4A6A00E96424 /* Array+Ext.swift in Sources */,
				F0056FCF2211470D00838891 /* UIColor+Ext.swift in Sources */,
				F0056FDD221152E700838891 /* UITableView+Ext.swift in Sources */,
				F0056FC5221145BC00838891 /* Date+Ext.swift in Sources */,
				F0056FCB2211464C00838891 /* Timer+Ext.swift in Sources */,
			);
			runOnlyForDeploymentPostprocessing = 0;
		};
/* End PBXSourcesBuildPhase section */

/* Begin XCBuildConfiguration section */
		F0056F9A2211286900838891 /* Debug */ = {
			isa = XCBuildConfiguration;
			buildSettings = {
				ALWAYS_SEARCH_USER_PATHS = NO;
				CLANG_ANALYZER_NONNULL = YES;
				CLANG_ANALYZER_NUMBER_OBJECT_CONVERSION = YES_AGGRESSIVE;
				CLANG_CXX_LANGUAGE_STANDARD = "gnu++14";
				CLANG_CXX_LIBRARY = "libc++";
				CLANG_ENABLE_MODULES = YES;
				CLANG_ENABLE_OBJC_ARC = YES;
				CLANG_ENABLE_OBJC_WEAK = YES;
				CLANG_WARN_BLOCK_CAPTURE_AUTORELEASING = YES;
				CLANG_WARN_BOOL_CONVERSION = YES;
				CLANG_WARN_COMMA = YES;
				CLANG_WARN_CONSTANT_CONVERSION = YES;
				CLANG_WARN_DEPRECATED_OBJC_IMPLEMENTATIONS = YES;
				CLANG_WARN_DIRECT_OBJC_ISA_USAGE = YES_ERROR;
				CLANG_WARN_DOCUMENTATION_COMMENTS = YES;
				CLANG_WARN_EMPTY_BODY = YES;
				CLANG_WARN_ENUM_CONVERSION = YES;
				CLANG_WARN_INFINITE_RECURSION = YES;
				CLANG_WARN_INT_CONVERSION = YES;
				CLANG_WARN_NON_LITERAL_NULL_CONVERSION = YES;
				CLANG_WARN_OBJC_IMPLICIT_RETAIN_SELF = YES;
				CLANG_WARN_OBJC_LITERAL_CONVERSION = YES;
				CLANG_WARN_OBJC_ROOT_CLASS = YES_ERROR;
				CLANG_WARN_RANGE_LOOP_ANALYSIS = YES;
				CLANG_WARN_STRICT_PROTOTYPES = YES;
				CLANG_WARN_SUSPICIOUS_MOVE = YES;
				CLANG_WARN_UNGUARDED_AVAILABILITY = YES_AGGRESSIVE;
				CLANG_WARN_UNREACHABLE_CODE = YES;
				CLANG_WARN__DUPLICATE_METHOD_MATCH = YES;
				CODE_SIGN_IDENTITY = "iPhone Developer";
				COPY_PHASE_STRIP = NO;
				DEBUG_INFORMATION_FORMAT = dwarf;
				ENABLE_STRICT_OBJC_MSGSEND = YES;
				ENABLE_TESTABILITY = YES;
				GCC_C_LANGUAGE_STANDARD = gnu11;
				GCC_DYNAMIC_NO_PIC = NO;
				GCC_NO_COMMON_BLOCKS = YES;
				GCC_OPTIMIZATION_LEVEL = 0;
				GCC_PREPROCESSOR_DEFINITIONS = (
					"DEBUG=1",
					"$(inherited)",
				);
				GCC_WARN_64_TO_32_BIT_CONVERSION = YES;
				GCC_WARN_ABOUT_RETURN_TYPE = YES_ERROR;
				GCC_WARN_UNDECLARED_SELECTOR = YES;
				GCC_WARN_UNINITIALIZED_AUTOS = YES_AGGRESSIVE;
				GCC_WARN_UNUSED_FUNCTION = YES;
				GCC_WARN_UNUSED_VARIABLE = YES;
				IPHONEOS_DEPLOYMENT_TARGET = 8.0;
				MTL_ENABLE_DEBUG_INFO = INCLUDE_SOURCE;
				MTL_FAST_MATH = YES;
				ONLY_ACTIVE_ARCH = YES;
				SDKROOT = iphoneos;
				SWIFT_ACTIVE_COMPILATION_CONDITIONS = DEBUG;
				SWIFT_OPTIMIZATION_LEVEL = "-Onone";
				SWIFT_VERSION = 5.0;
			};
			name = Debug;
		};
		F0056F9B2211286900838891 /* Release */ = {
			isa = XCBuildConfiguration;
			buildSettings = {
				ALWAYS_SEARCH_USER_PATHS = NO;
				CLANG_ANALYZER_NONNULL = YES;
				CLANG_ANALYZER_NUMBER_OBJECT_CONVERSION = YES_AGGRESSIVE;
				CLANG_CXX_LANGUAGE_STANDARD = "gnu++14";
				CLANG_CXX_LIBRARY = "libc++";
				CLANG_ENABLE_MODULES = YES;
				CLANG_ENABLE_OBJC_ARC = YES;
				CLANG_ENABLE_OBJC_WEAK = YES;
				CLANG_WARN_BLOCK_CAPTURE_AUTORELEASING = YES;
				CLANG_WARN_BOOL_CONVERSION = YES;
				CLANG_WARN_COMMA = YES;
				CLANG_WARN_CONSTANT_CONVERSION = YES;
				CLANG_WARN_DEPRECATED_OBJC_IMPLEMENTATIONS = YES;
				CLANG_WARN_DIRECT_OBJC_ISA_USAGE = YES_ERROR;
				CLANG_WARN_DOCUMENTATION_COMMENTS = YES;
				CLANG_WARN_EMPTY_BODY = YES;
				CLANG_WARN_ENUM_CONVERSION = YES;
				CLANG_WARN_INFINITE_RECURSION = YES;
				CLANG_WARN_INT_CONVERSION = YES;
				CLANG_WARN_NON_LITERAL_NULL_CONVERSION = YES;
				CLANG_WARN_OBJC_IMPLICIT_RETAIN_SELF = YES;
				CLANG_WARN_OBJC_LITERAL_CONVERSION = YES;
				CLANG_WARN_OBJC_ROOT_CLASS = YES_ERROR;
				CLANG_WARN_RANGE_LOOP_ANALYSIS = YES;
				CLANG_WARN_STRICT_PROTOTYPES = YES;
				CLANG_WARN_SUSPICIOUS_MOVE = YES;
				CLANG_WARN_UNGUARDED_AVAILABILITY = YES_AGGRESSIVE;
				CLANG_WARN_UNREACHABLE_CODE = YES;
				CLANG_WARN__DUPLICATE_METHOD_MATCH = YES;
				CODE_SIGN_IDENTITY = "iPhone Developer";
				COPY_PHASE_STRIP = NO;
				DEBUG_INFORMATION_FORMAT = "dwarf-with-dsym";
				ENABLE_NS_ASSERTIONS = NO;
				ENABLE_STRICT_OBJC_MSGSEND = YES;
				GCC_C_LANGUAGE_STANDARD = gnu11;
				GCC_NO_COMMON_BLOCKS = YES;
				GCC_WARN_64_TO_32_BIT_CONVERSION = YES;
				GCC_WARN_ABOUT_RETURN_TYPE = YES_ERROR;
				GCC_WARN_UNDECLARED_SELECTOR = YES;
				GCC_WARN_UNINITIALIZED_AUTOS = YES_AGGRESSIVE;
				GCC_WARN_UNUSED_FUNCTION = YES;
				GCC_WARN_UNUSED_VARIABLE = YES;
				IPHONEOS_DEPLOYMENT_TARGET = 8.0;
				MTL_ENABLE_DEBUG_INFO = NO;
				MTL_FAST_MATH = YES;
				SDKROOT = iphoneos;
				SWIFT_COMPILATION_MODE = wholemodule;
				SWIFT_OPTIMIZATION_LEVEL = "-O";
				SWIFT_VERSION = 5.0;
				VALIDATE_PRODUCT = YES;
			};
			name = Release;
		};
		F0056F9D2211286900838891 /* Debug */ = {
			isa = XCBuildConfiguration;
			buildSettings = {
				ASSETCATALOG_COMPILER_APPICON_NAME = AppIcon;
				ASSETCATALOG_COMPILER_LAUNCHIMAGE_NAME = LaunchImage;
				CLANG_ENABLE_MODULES = YES;
				CODE_SIGN_STYLE = Automatic;
				DEVELOPMENT_TEAM = J6VFVU93Z9;
				INFOPLIST_FILE = ZCategoryToolDemo/Info.plist;
				IPHONEOS_DEPLOYMENT_TARGET = 8.0;
				LD_RUNPATH_SEARCH_PATHS = (
					"$(inherited)",
					"@executable_path/Frameworks",
				);
				PRODUCT_BUNDLE_IDENTIFIER = com.zcc.ZCategoryToolDemo;
				PRODUCT_NAME = "$(TARGET_NAME)";
				SWIFT_OBJC_BRIDGING_HEADER = "ZCategoryTool/ZCategoryToolDemo-Bridging-Header.h";
				SWIFT_OPTIMIZATION_LEVEL = "-Onone";
				SWIFT_VERSION = 5.0;
				TARGETED_DEVICE_FAMILY = 1;
			};
			name = Debug;
		};
		F0056F9E2211286900838891 /* Release */ = {
			isa = XCBuildConfiguration;
			buildSettings = {
				ASSETCATALOG_COMPILER_APPICON_NAME = AppIcon;
				ASSETCATALOG_COMPILER_LAUNCHIMAGE_NAME = LaunchImage;
				CLANG_ENABLE_MODULES = YES;
				CODE_SIGN_STYLE = Automatic;
				DEVELOPMENT_TEAM = J6VFVU93Z9;
				INFOPLIST_FILE = ZCategoryToolDemo/Info.plist;
				IPHONEOS_DEPLOYMENT_TARGET = 8.0;
				LD_RUNPATH_SEARCH_PATHS = (
					"$(inherited)",
					"@executable_path/Frameworks",
				);
				PRODUCT_BUNDLE_IDENTIFIER = com.zcc.ZCategoryToolDemo;
				PRODUCT_NAME = "$(TARGET_NAME)";
				SWIFT_OBJC_BRIDGING_HEADER = "ZCategoryTool/ZCategoryToolDemo-Bridging-Header.h";
				SWIFT_VERSION = 5.0;
				TARGETED_DEVICE_FAMILY = 1;
			};
			name = Release;
		};
/* End XCBuildConfiguration section */

/* Begin XCConfigurationList section */
		F0056F852211286800838891 /* Build configuration list for PBXProject "ZCategoryToolDemo" */ = {
			isa = XCConfigurationList;
			buildConfigurations = (
				F0056F9A2211286900838891 /* Debug */,
				F0056F9B2211286900838891 /* Release */,
			);
			defaultConfigurationIsVisible = 0;
			defaultConfigurationName = Release;
		};
		F0056F9C2211286900838891 /* Build configuration list for PBXNativeTarget "ZCategoryToolDemo" */ = {
			isa = XCConfigurationList;
			buildConfigurations = (
				F0056F9D2211286900838891 /* Debug */,
				F0056F9E2211286900838891 /* Release */,
			);
			defaultConfigurationIsVisible = 0;
			defaultConfigurationName = Release;
		};
/* End XCConfigurationList section */
	};
	rootObject = F0056F822211286800838891 /* Project object */;
}
